
Microsoft Visual Studio Solution File, Format Version 12.00
# Visual Studio Version 17
VisualStudioVersion = 17.6.33829.357
MinimumVisualStudioVersion = 10.0.40219.1
Project("{FAE04EC0-301F-11D3-BF4B-00C04F79EFBC}") = "caPilha2", "caPilha2\caPilha2.csproj", "{DEA2A20E-B287-4B32-9D9F-FAE4163244FE}"
EndProject
Global
	GlobalSection(SolutionConfigurationPlatforms) = preSolution
		Debug|Any CPU = Debug|Any CPU
		Release|Any CPU = Release|Any CPU
	EndGlobalSection
	GlobalSection(ProjectConfigurationPlatforms) = postSolution
		{DEA2A20E-B287-4B32-9D9F-FAE4163244FE}.Debug|Any CPU.ActiveCfg = Debug|Any CPU
		{DEA2A20E-B287-4B32-9D9F-FAE4163244FE}.Debug|Any CPU.Build.0 = Debug|Any CPU
		{DEA2A20E-B287-4B32-9D9F-FAE4163244FE}.Release|Any CPU.ActiveCfg = Release|Any CPU
		{DEA2A20E-B287-4B32-9D9F-FAE4163244FE}.Release|Any CPU.Build.0 = Release|Any CPU
	EndGlobalSection
	GlobalSection(SolutionProperties) = preSolution
		HideSolutionNode = FALSE
	EndGlobalSection
	GlobalSection(ExtensibilityGlobals) = postSolution
		SolutionGuid = {F253FA67-055B-4DA2-856A-FDA3A7549C69}
	EndGlobalSection
EndGlobal
